
Microsoft Visual Studio Solution File, Format Version 12.00
# Visual Studio Version 17
VisualStudioVersion = 17.4.33205.214
MinimumVisualStudioVersion = 10.0.40219.1
Project("{FAE04EC0-301F-11D3-BF4B-00C04F79EFBC}") = "AmazonSearch", "AmazonSearch\AmazonSearch.csproj", "{FF4836C7-510F-42B6-B42F-5A6ED65A4B29}"
EndProject
Global
	GlobalSection(SolutionConfigurationPlatforms) = preSolution
		Debug|Any CPU = Debug|Any CPU
		Release|Any CPU = Release|Any CPU
	EndGlobalSection
	GlobalSection(ProjectConfigurationPlatforms) = postSolution
		{FF4836C7-510F-42B6-B42F-5A6ED65A4B29}.Debug|Any CPU.ActiveCfg = Debug|Any CPU
		{FF4836C7-510F-42B6-B42F-5A6ED65A4B29}.Debug|Any CPU.Build.0 = Debug|Any CPU
		{FF4836C7-510F-42B6-B42F-5A6ED65A4B29}.Release|Any CPU.ActiveCfg = Release|Any CPU
		{FF4836C7-510F-42B6-B42F-5A6ED65A4B29}.Release|Any CPU.Build.0 = Release|Any CPU
	EndGlobalSection
	GlobalSection(SolutionProperties) = preSolution
		HideSolutionNode = FALSE
	EndGlobalSection
	GlobalSection(ExtensibilityGlobals) = postSolution
		SolutionGuid = {2C560668-0B16-40C8-9E9F-E6FB191E7DBB}
	EndGlobalSection
EndGlobal
